
Microsoft Visual Studio Solution File, Format Version 12.00
# Visual Studio Version 17
VisualStudioVersion = 17.0.31903.59
MinimumVisualStudioVersion = 10.0.40219.1
Project("{FAE04EC0-301F-11D3-BF4B-00C04F79EFBC}") = "smink", "smink\smink.csproj", "{7F436FBA-3280-467C-A448-5EB9D842B1BC}"
EndProject
Project("{FAE04EC0-301F-11D3-BF4B-00C04F79EFBC}") = "smink.UnitTests", "smink.UnitTests\smink.UnitTests.csproj", "{6F0B266B-7ECB-41BC-AB9F-4D3B58B02CDF}"
EndProject
Project("{2150E333-8FDC-42A3-9474-1A3956D46DE8}") = "ExampleTestProjects", "ExampleTestProjects", "{9885D112-A476-400D-9E85-86B396AFB016}"
EndProject
Project("{FAE04EC0-301F-11D3-BF4B-00C04F79EFBC}") = "xUnit.ExampleTests.Set1", "ExampleTestProjects\xUnit.ExampleTests\xUnit.ExampleTests.Set1\xUnit.ExampleTests.Set1.csproj", "{59C0DB33-BCE4-41E3-8701-49BDA912B974}"
EndProject
Project("{2150E333-8FDC-42A3-9474-1A3956D46DE8}") = "xUnit", "xUnit", "{14D9825F-97A0-4734-B965-FB5009994BE0}"
EndProject
Project("{FAE04EC0-301F-11D3-BF4B-00C04F79EFBC}") = "xUnit.ExampleTests.Set2", "ExampleTestProjects\xUnit.ExampleTests\xUnit.ExampleTests.Set2\xUnit.ExampleTests.Set2.csproj", "{DF9E97F6-781A-4D3C-BB16-453B6F7BFAC5}"
EndProject
Global
	GlobalSection(SolutionConfigurationPlatforms) = preSolution
		Debug|Any CPU = Debug|Any CPU
		Release|Any CPU = Release|Any CPU
	EndGlobalSection
	GlobalSection(SolutionProperties) = preSolution
		HideSolutionNode = FALSE
	EndGlobalSection
	GlobalSection(ProjectConfigurationPlatforms) = postSolution
		{7F436FBA-3280-467C-A448-5EB9D842B1BC}.Debug|Any CPU.ActiveCfg = Debug|Any CPU
		{7F436FBA-3280-467C-A448-5EB9D842B1BC}.Debug|Any CPU.Build.0 = Debug|Any CPU
		{7F436FBA-3280-467C-A448-5EB9D842B1BC}.Release|Any CPU.ActiveCfg = Release|Any CPU
		{7F436FBA-3280-467C-A448-5EB9D842B1BC}.Release|Any CPU.Build.0 = Release|Any CPU
		{6F0B266B-7ECB-41BC-AB9F-4D3B58B02CDF}.Debug|Any CPU.ActiveCfg = Debug|Any CPU
		{6F0B266B-7ECB-41BC-AB9F-4D3B58B02CDF}.Debug|Any CPU.Build.0 = Debug|Any CPU
		{6F0B266B-7ECB-41BC-AB9F-4D3B58B02CDF}.Release|Any CPU.ActiveCfg = Release|Any CPU
		{6F0B266B-7ECB-41BC-AB9F-4D3B58B02CDF}.Release|Any CPU.Build.0 = Release|Any CPU
		{59C0DB33-BCE4-41E3-8701-49BDA912B974}.Debug|Any CPU.ActiveCfg = Debug|Any CPU
		{59C0DB33-BCE4-41E3-8701-49BDA912B974}.Debug|Any CPU.Build.0 = Debug|Any CPU
		{59C0DB33-BCE4-41E3-8701-49BDA912B974}.Release|Any CPU.ActiveCfg = Release|Any CPU
		{59C0DB33-BCE4-41E3-8701-49BDA912B974}.Release|Any CPU.Build.0 = Release|Any CPU
		{DF9E97F6-781A-4D3C-BB16-453B6F7BFAC5}.Debug|Any CPU.ActiveCfg = Debug|Any CPU
		{DF9E97F6-781A-4D3C-BB16-453B6F7BFAC5}.Debug|Any CPU.Build.0 = Debug|Any CPU
		{DF9E97F6-781A-4D3C-BB16-453B6F7BFAC5}.Release|Any CPU.ActiveCfg = Release|Any CPU
		{DF9E97F6-781A-4D3C-BB16-453B6F7BFAC5}.Release|Any CPU.Build.0 = Release|Any CPU
	EndGlobalSection
	GlobalSection(NestedProjects) = preSolution
		{14D9825F-97A0-4734-B965-FB5009994BE0} = {9885D112-A476-400D-9E85-86B396AFB016}
		{59C0DB33-BCE4-41E3-8701-49BDA912B974} = {14D9825F-97A0-4734-B965-FB5009994BE0}
		{DF9E97F6-781A-4D3C-BB16-453B6F7BFAC5} = {14D9825F-97A0-4734-B965-FB5009994BE0}
	EndGlobalSection
EndGlobal
