
Microsoft Visual Studio Solution File, Format Version 12.00
# Visual Studio Version 17
VisualStudioVersion = 17.0.31903.59
MinimumVisualStudioVersion = 10.0.40219.1
Project("{FAE04EC0-301F-11D3-BF4B-00C04F79EFBC}") = "NUnit.ExampleTests.Set1", "NUnit.ExampleTests.Set1\NUnit.ExampleTests.Set1.csproj", "{19F1EE91-9D75-496E-B1B9-030A56532091}"
EndProject
Project("{FAE04EC0-301F-11D3-BF4B-00C04F79EFBC}") = "NUnit.ExampleTests.Set2", "NUnit.ExampleTests.Set2\NUnit.ExampleTests.Set2.csproj", "{82818DF7-9446-4F3A-B270-9694777FDA9D}"
EndProject
Global
	GlobalSection(SolutionConfigurationPlatforms) = preSolution
		Debug|Any CPU = Debug|Any CPU
		Release|Any CPU = Release|Any CPU
	EndGlobalSection
	GlobalSection(SolutionProperties) = preSolution
		HideSolutionNode = FALSE
	EndGlobalSection
	GlobalSection(ProjectConfigurationPlatforms) = postSolution
		{19F1EE91-9D75-496E-B1B9-030A56532091}.Debug|Any CPU.ActiveCfg = Debug|Any CPU
		{19F1EE91-9D75-496E-B1B9-030A56532091}.Debug|Any CPU.Build.0 = Debug|Any CPU
		{19F1EE91-9D75-496E-B1B9-030A56532091}.Release|Any CPU.ActiveCfg = Release|Any CPU
		{19F1EE91-9D75-496E-B1B9-030A56532091}.Release|Any CPU.Build.0 = Release|Any CPU
		{82818DF7-9446-4F3A-B270-9694777FDA9D}.Debug|Any CPU.ActiveCfg = Debug|Any CPU
		{82818DF7-9446-4F3A-B270-9694777FDA9D}.Debug|Any CPU.Build.0 = Debug|Any CPU
		{82818DF7-9446-4F3A-B270-9694777FDA9D}.Release|Any CPU.ActiveCfg = Release|Any CPU
		{82818DF7-9446-4F3A-B270-9694777FDA9D}.Release|Any CPU.Build.0 = Release|Any CPU
	EndGlobalSection
EndGlobal
